
Microsoft Visual Studio Solution File, Format Version 12.00
# Visual Studio Version 16
VisualStudioVersion = 16.0.30002.166
MinimumVisualStudioVersion = 10.0.40219.1
Project("{FAE04EC0-301F-11D3-BF4B-00C04F79EFBC}") = "UserManagement.API", "UserManagement.API\UserManagement.API.csproj", "{9EB189C1-AEC0-43D3-A4BA-96F6B9B2F1CE}"
EndProject
Project("{FAE04EC0-301F-11D3-BF4B-00C04F79EFBC}") = "UserManagement", "UserManagement\UserManagement.csproj", "{1F7CE6AE-3C7A-46E6-AF3A-5C05C90D3A61}"
EndProject
Global
	GlobalSection(SolutionConfigurationPlatforms) = preSolution
		Debug|Any CPU = Debug|Any CPU
		Release|Any CPU = Release|Any CPU
	EndGlobalSection
	GlobalSection(ProjectConfigurationPlatforms) = postSolution
		{9EB189C1-AEC0-43D3-A4BA-96F6B9B2F1CE}.Debug|Any CPU.ActiveCfg = Debug|Any CPU
		{9EB189C1-AEC0-43D3-A4BA-96F6B9B2F1CE}.Debug|Any CPU.Build.0 = Debug|Any CPU
		{9EB189C1-AEC0-43D3-A4BA-96F6B9B2F1CE}.Release|Any CPU.ActiveCfg = Release|Any CPU
		{9EB189C1-AEC0-43D3-A4BA-96F6B9B2F1CE}.Release|Any CPU.Build.0 = Release|Any CPU
		{1F7CE6AE-3C7A-46E6-AF3A-5C05C90D3A61}.Debug|Any CPU.ActiveCfg = Debug|Any CPU
		{1F7CE6AE-3C7A-46E6-AF3A-5C05C90D3A61}.Debug|Any CPU.Build.0 = Debug|Any CPU
		{1F7CE6AE-3C7A-46E6-AF3A-5C05C90D3A61}.Release|Any CPU.ActiveCfg = Release|Any CPU
		{1F7CE6AE-3C7A-46E6-AF3A-5C05C90D3A61}.Release|Any CPU.Build.0 = Release|Any CPU
	EndGlobalSection
	GlobalSection(SolutionProperties) = preSolution
		HideSolutionNode = FALSE
	EndGlobalSection
	GlobalSection(ExtensibilityGlobals) = postSolution
		SolutionGuid = {A2BC76EF-7561-4E9E-AB71-DCF1EA57CFB3}
	EndGlobalSection
EndGlobal
